
Microsoft Visual Studio Solution File, Format Version 12.00
# Visual Studio Version 17
VisualStudioVersion = 17.5.33516.290
MinimumVisualStudioVersion = 10.0.40219.1
Project("{FAE04EC0-301F-11D3-BF4B-00C04F79EFBC}") = "MVCWebHello", "MVCWebHello.csproj", "{3D6CE2FB-384D-4186-ABC2-FFDAD7971768}"
EndProject
Global
	GlobalSection(SolutionConfigurationPlatforms) = preSolution
		Debug|Any CPU = Debug|Any CPU
		Release|Any CPU = Release|Any CPU
	EndGlobalSection
	GlobalSection(ProjectConfigurationPlatforms) = postSolution
		{3D6CE2FB-384D-4186-ABC2-FFDAD7971768}.Debug|Any CPU.ActiveCfg = Debug|Any CPU
		{3D6CE2FB-384D-4186-ABC2-FFDAD7971768}.Debug|Any CPU.Build.0 = Debug|Any CPU
		{3D6CE2FB-384D-4186-ABC2-FFDAD7971768}.Release|Any CPU.ActiveCfg = Release|Any CPU
		{3D6CE2FB-384D-4186-ABC2-FFDAD7971768}.Release|Any CPU.Build.0 = Release|Any CPU
	EndGlobalSection
	GlobalSection(SolutionProperties) = preSolution
		HideSolutionNode = FALSE
	EndGlobalSection
	GlobalSection(ExtensibilityGlobals) = postSolution
		SolutionGuid = {5A9DFD00-8408-47A7-917E-A824D2A4C088}
	EndGlobalSection
EndGlobal
